
Microsoft Visual Studio Solution File, Format Version 12.00
Project("{FAE04EC0-301F-11D3-BF4B-00C04F79EFBC}") = "ControladorDeRobos", "ControladorDeRobos.csproj", "{8F012C72-3584-481A-B1C1-BC2F7927263A}"
EndProject
Global
	GlobalSection(SolutionConfigurationPlatforms) = preSolution
		Debug|Any CPU = Debug|Any CPU
		Release|Any CPU = Release|Any CPU
	EndGlobalSection
	GlobalSection(ProjectConfigurationPlatforms) = postSolution
		{8F012C72-3584-481A-B1C1-BC2F7927263A}.Debug|Any CPU.ActiveCfg = Debug|Any CPU
		{8F012C72-3584-481A-B1C1-BC2F7927263A}.Debug|Any CPU.Build.0 = Debug|Any CPU
		{8F012C72-3584-481A-B1C1-BC2F7927263A}.Release|Any CPU.ActiveCfg = Release|Any CPU
		{8F012C72-3584-481A-B1C1-BC2F7927263A}.Release|Any CPU.Build.0 = Release|Any CPU
	EndGlobalSection
EndGlobal
